Microsoft Visual Studio Solution File, Format Version 12.00
# Visual Studio Version 17
VisualStudioVersion = 17.5.2.0
MinimumVisualStudioVersion = 10.0.40219.1
Project("{FAE04EC0-301F-11D3-BF4B-00C04F79EFBC}") = "KutuphaneProjesi", "KutuphaneProjesi.csproj", "{15A4FCA1-9DEE-228D-436F-9B2A940BDA6C}"
EndProject
Global
	GlobalSection(SolutionConfigurationPlatforms) = preSolution
		Debug|Any CPU = Debug|Any CPU
		Release|Any CPU = Release|Any CPU
	EndGlobalSection
	GlobalSection(ProjectConfigurationPlatforms) = postSolution
		{15A4FCA1-9DEE-228D-436F-9B2A940BDA6C}.Debug|Any CPU.ActiveCfg = Debug|Any CPU
		{15A4FCA1-9DEE-228D-436F-9B2A940BDA6C}.Debug|Any CPU.Build.0 = Debug|Any CPU
		{15A4FCA1-9DEE-228D-436F-9B2A940BDA6C}.Release|Any CPU.ActiveCfg = Release|Any CPU
		{15A4FCA1-9DEE-228D-436F-9B2A940BDA6C}.Release|Any CPU.Build.0 = Release|Any CPU
	EndGlobalSection
	GlobalSection(SolutionProperties) = preSolution
		HideSolutionNode = FALSE
	EndGlobalSection
	GlobalSection(ExtensibilityGlobals) = postSolution
		SolutionGuid = {DE4207BD-2B7A-4A5E-AFAA-E32F462CEC01}
	EndGlobalSection
EndGlobal
